
Microsoft Visual Studio Solution File, Format Version 12.00
# Visual Studio 2012
Project("{FAE04EC0-301F-11D3-BF4B-00C04F79EFBC}") = "plagiarism", "plagiarism\plagiarism.csproj", "{7BF4F569-72BF-4F03-A562-E773A2B3991A}"
EndProject
Global
	GlobalSection(SolutionConfigurationPlatforms) = preSolution
		Debug|Any CPU = Debug|Any CPU
		Release|Any CPU = Release|Any CPU
	EndGlobalSection
	GlobalSection(ProjectConfigurationPlatforms) = postSolution
		{7BF4F569-72BF-4F03-A562-E773A2B3991A}.Debug|Any CPU.ActiveCfg = Debug|Any CPU
		{7BF4F569-72BF-4F03-A562-E773A2B3991A}.Debug|Any CPU.Build.0 = Debug|Any CPU
		{7BF4F569-72BF-4F03-A562-E773A2B3991A}.Release|Any CPU.ActiveCfg = Release|Any CPU
		{7BF4F569-72BF-4F03-A562-E773A2B3991A}.Release|Any CPU.Build.0 = Release|Any CPU
	EndGlobalSection
	GlobalSection(SolutionProperties) = preSolution
		HideSolutionNode = FALSE
	EndGlobalSection
EndGlobal
